
Microsoft Visual Studio Solution File, Format Version 12.00
# Visual Studio Version 16
VisualStudioVersion = 16.0.28803.202
MinimumVisualStudioVersion = 10.0.40219.1
Project("{FAE04EC0-301F-11D3-BF4B-00C04F79EFBC}") = "QRCodeApp", "QRCodeApp\QRCodeApp.csproj", "{2E959773-E1E7-40B0-8931-9AF9B4B82F6A}"
EndProject
Global
	GlobalSection(SolutionConfigurationPlatforms) = preSolution
		Debug|Any CPU = Debug|Any CPU
		Release|Any CPU = Release|Any CPU
	EndGlobalSection
	GlobalSection(ProjectConfigurationPlatforms) = postSolution
		{2E959773-E1E7-40B0-8931-9AF9B4B82F6A}.Debug|Any CPU.ActiveCfg = Debug|Any CPU
		{2E959773-E1E7-40B0-8931-9AF9B4B82F6A}.Debug|Any CPU.Build.0 = Debug|Any CPU
		{2E959773-E1E7-40B0-8931-9AF9B4B82F6A}.Release|Any CPU.ActiveCfg = Release|Any CPU
		{2E959773-E1E7-40B0-8931-9AF9B4B82F6A}.Release|Any CPU.Build.0 = Release|Any CPU
	EndGlobalSection
	GlobalSection(SolutionProperties) = preSolution
		HideSolutionNode = FALSE
	EndGlobalSection
	GlobalSection(ExtensibilityGlobals) = postSolution
		SolutionGuid = {A8DFC0CD-4F7B-40F3-96C7-AB4CEBF5306A}
	EndGlobalSection
EndGlobal
